# Exact dependency lock: CPython 3.8 metadata candidate; not yet runtime-verified.
# Source: official PyPI JSON, captured 2026-10-08.
# Wheel-only hashes; use pip --require-hashes --only-binary=:all:.

cryptography==47.0.0 \
    --hash=sha256:0024b87d47ae2399165a6bfb20d24888881eeab83ae2566d62467c5ff0030ce7 \
    --hash=sha256:07efe86201817e7d3c18781ca9770bc0db04e1e48c994be384e4602bc38f8f27 \
    --hash=sha256:09f6d7bf6724f8db8b32f11eccf23efc8e759924bc5603800335cf8859a3ddbd \
    --hash=sha256:11438c7518132d95f354fa01a4aa2f806d172a061a7bed18cf18cbdacdb204d7 \
    --hash=sha256:11dbb9f50a0f1bb9757b3d8c27c1101780efb8f0bdecfb12439c22a74d64c001 \
    --hash=sha256:14432c8a9bcb37009784f9594a62fae211a2ae9543e96c92b2a8e4c3cd5cd0c4 \
    --hash=sha256:1581aef4219f7ca2849d0250edaa3866212fb74bf5667284f46aa92f9e65c1ca \
    --hash=sha256:160ad728f128972d362e714054f6ba0067cab7fb350c5202a9ae8ae4ce3ef1a0 \
    --hash=sha256:1a405c08857258c11016777e11c02bacbe7ef596faf259305d282272a3a05cbe \
    --hash=sha256:1e47422b5557bb82d3fff997e8d92cff4e28b9789576984f08c248d2b3535d93 \
    --hash=sha256:20fdbe3e38fb67c385d233c89371fa27f9909f6ebca1cecc20c13518dae65475 \
    --hash=sha256:2207a498b03275d0051589e326b79d4cf59985c99031b05bb292ac52631c37fe \
    --hash=sha256:256d07c78a04d6b276f5df935a9923275f53bd1522f214447fdf365494e2d515 \
    --hash=sha256:2b45761c6ec22b7c726d6a829558777e32d0f1c8be7c3f3480f9c912d5ee8a10 \
    --hash=sha256:2ebd84adf0728c039a3be2700289378e1c164afc6748df1a5ed456767bef9ba7 \
    --hash=sha256:34b4358b925a5ea3e14384ca781a2c0ef7ac219b57bb9eacc4457078e2b19f92 \
    --hash=sha256:3fb8fa48075fad7193f2e5496135c6a76ac4b2aa5a38433df0a539296b377829 \
    --hash=sha256:4e1de79e047e25d6e9f8cea71c86b4a53aced64134f0f003bbcbf3655fd172c8 \
    --hash=sha256:4f7722c97826770bab8ae92959a2e7b20a5e9e9bf4deae68fd86c3ca457bab52 \
    --hash=sha256:51c9313e90bd1690ec5a75ed047c27c0b8e6c570029712943d6116ef9a90620b \
    --hash=sha256:5d0e362ff51041b0c0d219cc7d6924d7b8996f57ce5712bdcef71eb3c65a59cc \
    --hash=sha256:6651d32eff255423503aa276739da98c30f26c40cbeffcc6048e0d54ef704c0c \
    --hash=sha256:6eebcaf0df1d21ce1f90605c9b432dd2c4f4ab665ac29a40d5e3fc68f51b5e63 \
    --hash=sha256:6f29f36582e6151d9686235e586dd35bb67491f024767d10b842e520dc6a07ac \
    --hash=sha256:7a02675e2fabd0c0fc04c868b8781863cbf1967691543c22f5470500ff840b31 \
    --hash=sha256:7f1207974a904e005f762869996cf620e9bf79ecb4622f148550bb48e0eb35a7 \
    --hash=sha256:7f68d6fbc7fbbcfb0939fea72c3b96a9f9a6edfc0e1b1d29778a2066030418b1 \
    --hash=sha256:7fda2f02c9015db3f42bb8a22324a454516ed10a8c29ca6ece6cdbb5efe2a203 \
    --hash=sha256:80887c5cbd1774683cb126f0ab4184567f080071d5acf62205acb354b4b753b7 \
    --hash=sha256:835d2d7f47cdc53b3224e90810fb1d36ca94ea29cc1801fb4c1bc43876735769 \
    --hash=sha256:8c1a736bbb3288005796c3f7ccb9453360d7fed483b13b9f468aea5171432923 \
    --hash=sha256:9af828c0d5a65c70ec729cd7495a4bf1a67ecb66417b8f02ff125ab8a6326a74 \
    --hash=sha256:9c59ab0e0fa3a180a5a9c59f3a5abe3ef90d474bc56d7fadfbe80359491b615b \
    --hash=sha256:9fe6b7c64926c765f9dff301f9c1b867febcda5768868ca084e18589113732ab \
    --hash=sha256:a49a3eb5341b9503fa3000a9a0db033161db90d47285291f53c2a9d2cd1b7f76 \
    --hash=sha256:a9b761f012a943b7de0e828843c5688d0de94a0578d44d6c85a1bae32f87791f \
    --hash=sha256:b1c76fca783aa7698eb21eb14f9c4aa09452248ee54a627d125025a43f83e7a7 \
    --hash=sha256:b9a8943e359b7615db1a3ba587994618e094ff3d6fa5a390c73d079ce18b3973 \
    --hash=sha256:be12cb6a204f77ed968bcefe68086eb061695b540a3dd05edac507a3111b25f0 \
    --hash=sha256:cffbba3392df0fa8629bb7f43454ee2925059ee158e23c54620b9063912b86c8 \
    --hash=sha256:ed67ea4e0cfb5faa5bc7ecb6e2b8838f3807a03758eec239d6c21c8769355310 \
    --hash=sha256:edd4da498015da5b9f26d38d3bfc2e90257bfa9cbed1f6767c282a0025ae649b \
    --hash=sha256:ef6b3634087f18d2155b1e8ce264e5345a753da2c5fa9815e7d41315c90f8318 \
    --hash=sha256:f1557695e5c2b86e204f6ce9470497848634100787935ab7adc5397c54abd7ab \
    --hash=sha256:f5c15764f261394b22aef6b00252f5195f46f2ca300bec57149474e2538b31f8 \
    --hash=sha256:f5c3296dab66202f1b18a91fa266be93d6aa0c2806ea3d67762c69f60adc71aa \
    --hash=sha256:f7db373287273d8af1414cf95dc4118b13ffdc62be521997b0f2b270771fef50 \
    --hash=sha256:f9a034b642b960767fb343766ae5ba6ad653f2e890ddd82955aef288ffea8736

cffi==1.17.1 \
    --hash=sha256:045d61c734659cc045141be4bae381a41d89b741f795af1dd018bfb532fd0df8 \
    --hash=sha256:0984a4925a435b1da406122d4d7968dd861c1385afe3b45ba82b750f229811e2 \
    --hash=sha256:0e2b1fac190ae3ebfe37b979cc1ce69c81f4e4fe5746bb401dca63a9062cdaf1 \
    --hash=sha256:0f048dcf80db46f0098ccac01132761580d28e28bc0f78ae0d58048063317e15 \
    --hash=sha256:1257bdabf294dceb59f5e70c64a3e2f462c30c7ad68092d01bbbfb1c16b1ba36 \
    --hash=sha256:1d599671f396c4723d016dbddb72fe8e0397082b0a77a4fab8028923bec050e8 \
    --hash=sha256:28b16024becceed8c6dfbc75629e27788d8a3f9030691a1dbf9821a128b22c36 \
    --hash=sha256:2bb1a08b8008b281856e5971307cc386a8e9c5b625ac297e853d36da6efe9c17 \
    --hash=sha256:30c5e0cb5ae493c04c8b42916e52ca38079f1b235c2f8ae5f4527b963c401caf \
    --hash=sha256:31000ec67d4221a71bd3f67df918b1f88f676f1c3b535a7eb473255fdc0b83fc \
    --hash=sha256:386c8bf53c502fff58903061338ce4f4950cbdcb23e2902d86c0f722b786bbe3 \
    --hash=sha256:3edc8d958eb099c634dace3c7e16560ae474aa3803a5df240542b305d14e14ed \
    --hash=sha256:45398b671ac6d70e67da8e4224a065cec6a93541bb7aebe1b198a61b58c7b702 \
    --hash=sha256:46bf43160c1a35f7ec506d254e5c890f3c03648a4dbac12d624e4490a7046cd1 \
    --hash=sha256:4ceb10419a9adf4460ea14cfd6bc43d08701f0835e979bf821052f1805850fe8 \
    --hash=sha256:51392eae71afec0d0c8fb1a53b204dbb3bcabcb3c9b807eedf3e1e6ccf2de903 \
    --hash=sha256:5da5719280082ac6bd9aa7becb3938dc9f9cbd57fac7d2871717b1feb0902ab6 \
    --hash=sha256:610faea79c43e44c71e1ec53a554553fa22321b65fae24889706c0a84d4ad86d \
    --hash=sha256:636062ea65bd0195bc012fea9321aca499c0504409f413dc88af450b57ffd03b \
    --hash=sha256:6883e737d7d9e4899a8a695e00ec36bd4e5e4f18fabe0aca0efe0a4b44cdb13e \
    --hash=sha256:6b8b4a92e1c65048ff98cfe1f735ef8f1ceb72e3d5f0c25fdb12087a23da22be \
    --hash=sha256:6f17be4345073b0a7b8ea599688f692ac3ef23ce28e5df79c04de519dbc4912c \
    --hash=sha256:706510fe141c86a69c8ddc029c7910003a17353970cff3b904ff0686a5927683 \
    --hash=sha256:72e72408cad3d5419375fc87d289076ee319835bdfa2caad331e377589aebba9 \
    --hash=sha256:733e99bc2df47476e3848417c5a4540522f234dfd4ef3ab7fafdf555b082ec0c \
    --hash=sha256:7596d6620d3fa590f677e9ee430df2958d2d6d6de2feeae5b20e82c00b76fbf8 \
    --hash=sha256:78122be759c3f8a014ce010908ae03364d00a1f81ab5c7f4a7a5120607ea56e1 \
    --hash=sha256:805b4371bf7197c329fcb3ead37e710d1bca9da5d583f5073b799d5c5bd1eee4 \
    --hash=sha256:85a950a4ac9c359340d5963966e3e0a94a676bd6245a4b55bc43949eee26a655 \
    --hash=sha256:8f2cdc858323644ab277e9bb925ad72ae0e67f69e804f4898c070998d50b1a67 \
    --hash=sha256:9755e4345d1ec879e3849e62222a18c7174d65a6a92d5b346b1863912168b595 \
    --hash=sha256:98e3969bcff97cae1b2def8ba499ea3d6f31ddfdb7635374834cf89a1a08ecf0 \
    --hash=sha256:a08d7e755f8ed21095a310a693525137cfe756ce62d066e53f502a83dc550f65 \
    --hash=sha256:a1ed2dd2972641495a3ec98445e09766f077aee98a1c896dcb4ad0d303628e41 \
    --hash=sha256:a24ed04c8ffd54b0729c07cee15a81d964e6fee0e3d4d342a27b020d22959dc6 \
    --hash=sha256:a45e3c6913c5b87b3ff120dcdc03f6131fa0065027d0ed7ee6190736a74cd401 \
    --hash=sha256:a9b15d491f3ad5d692e11f6b71f7857e7835eb677955c00cc0aefcd0669adaf6 \
    --hash=sha256:ad9413ccdeda48c5afdae7e4fa2192157e991ff761e7ab8fdd8926f40b160cc3 \
    --hash=sha256:b2ab587605f4ba0bf81dc0cb08a41bd1c0a5906bd59243d56bad7668a6fc6c16 \
    --hash=sha256:b62ce867176a75d03a665bad002af8e6d54644fad99a3c70905c543130e39d93 \
    --hash=sha256:c03e868a0b3bc35839ba98e74211ed2b05d2119be4e8a0f224fba9384f1fe02e \
    --hash=sha256:c59d6e989d07460165cc5ad3c61f9fd8f1b4796eacbd81cee78957842b834af4 \
    --hash=sha256:c7eac2ef9b63c79431bc4b25f1cd649d7f061a28808cbc6c47b534bd789ef964 \
    --hash=sha256:c9c3d058ebabb74db66e431095118094d06abf53284d9c81f27300d0e0d8bc7c \
    --hash=sha256:ca74b8dbe6e8e8263c0ffd60277de77dcee6c837a3d0881d8c1ead7268c9e576 \
    --hash=sha256:caaf0640ef5f5517f49bc275eca1406b0ffa6aa184892812030f04c2abf589a0 \
    --hash=sha256:cdf5ce3acdfd1661132f2a9c19cac174758dc2352bfe37d98aa7512c6b7178b3 \
    --hash=sha256:d016c76bdd850f3c626af19b0542c9677ba156e4ee4fccfdd7848803533ef662 \
    --hash=sha256:d01b12eeeb4427d3110de311e1774046ad344f5b1a7403101878976ecd7a10f3 \
    --hash=sha256:d63afe322132c194cf832bfec0dc69a99fb9bb6bbd550f161a49e9e855cc78ff \
    --hash=sha256:da95af8214998d77a98cc14e3a3bd00aa191526343078b530ceb0bd710fb48a5 \
    --hash=sha256:dd398dbc6773384a17fe0d3e7eeb8d1a21c2200473ee6806bb5e6a8e62bb73dd \
    --hash=sha256:de2ea4b5833625383e464549fec1bc395c1bdeeb5f25c4a3a82b5a8c756ec22f \
    --hash=sha256:de55b766c7aa2e2a3092c51e0483d700341182f08e67c63630d5b6f200bb28e5 \
    --hash=sha256:df8b1c11f177bc2313ec4b2d46baec87a5f3e71fc8b45dab2ee7cae86d9aba14 \
    --hash=sha256:e03eab0a8677fa80d646b5ddece1cbeaf556c313dcfac435ba11f107ba117b5d \
    --hash=sha256:e221cf152cff04059d011ee126477f0d9588303eb57e88923578ace7baad17f9 \
    --hash=sha256:e31ae45bc2e29f6b2abd0de1cc3b9d5205aa847cafaecb8af1476a609a2f6eb7 \
    --hash=sha256:edae79245293e15384b51f88b00613ba9f7198016a5948b5dddf4917d4d26382 \
    --hash=sha256:f1e22e8c4419538cb197e4dd60acc919d7696e5ef98ee4da4e01d3f8cfa4cc5a \
    --hash=sha256:f3a2b4222ce6b60e2e8b337bb9596923045681d71e5a082783484d845390938e \
    --hash=sha256:f6a16c31041f09ead72d69f583767292f750d24913dadacf5756b966aacb3f1a \
    --hash=sha256:f75c7ab1f9e4aca5414ed4d8e5c0e303a34f4421f8a0d47a4d019ceff0ab6af4 \
    --hash=sha256:f79fc4fc25f1c8698ff97788206bb3c2598949bfe0fef03d299eb1b5356ada99 \
    --hash=sha256:f7f5baafcc48261359e14bcd6d9bff6d4b28d9103847c9e136694cb0501aef87 \
    --hash=sha256:fc48c783f9c87e60831201f2cce7f3b2e4846bf4d8728eabe54d60700b318a0b

pycparser==2.23 \
    --hash=sha256:e5c6e8d3fbad53479cab09ac03729e0a9faf2bee3db8208a550daf5af81a5934

typing_extensions==4.13.2 \
    --hash=sha256:a439e7c04b49fec3e5d3e2beaa21755cadbbdc391694e28ccdd36ca4a1408f8c
