# Exact dependency lock: CPython 3.7 only.
# Source: official PyPI JSON, captured 2026-10-08.
# Wheel-only hashes; use pip --require-hashes --only-binary=:all:.

pip==24.0 \
    --hash=sha256:ba0d021a166865d2265246961bec0152ff124de910c5cc39f1156ce3fa7c69dc

setuptools==68.0.0 \
    --hash=sha256:11e52c67415a381d10d6b462ced9cfb97066179f0e871399e006c4ab101fc85f

wheel==0.42.0 \
    --hash=sha256:177f9c9b0d45c47873b619f5b650346d632cdc35fb5e4d25058e09c9e581433d

build==1.1.1 \
    --hash=sha256:8ed0851ee76e6e38adce47e4bee3b51c771d86c64cf578d0c2245567ee200e73

pytest==7.4.4 \
    --hash=sha256:b090cdf5ed60bf4c45261be03239c2c1c22df034fbffe691abe93cd80cea01d8

typing_extensions==4.7.1 \
    --hash=sha256:440d5dd3af93b060174bf433bccd69b0babc3b15b1a8dca43789fd7f61514b36

packaging==24.0 \
    --hash=sha256:2ddfb553fdf02fb784c234c7ba6ccc288296ceabec964ad2eae3777778130bc5

pyproject-hooks==1.2.0 \
    --hash=sha256:9e5c6bfa8dcc30091c74b0cf803c81fdd29d94f01992a7707bc97babb1141913

importlib-metadata==6.7.0 \
    --hash=sha256:cb52082e659e97afc5dac71e79de97d8681de3aa07ff18578330904a9d18e5b5

zipp==3.15.0 \
    --hash=sha256:48904fc76a60e542af151aded95726c1a5c34ed43ab4134b597665c86d7ad556

tomli==2.0.1 \
    --hash=sha256:939de3e7a6161af0c887ef91b7d41a53e7c5a1ca976325f429cb46ea9bc30ecc

pluggy==1.2.0 \
    --hash=sha256:c2fd55a7d7a3863cba1a013e4e2414658b1d07b6bc57b3919e0c63c9abb99849

iniconfig==2.0.0 \
    --hash=sha256:b6a85871a79d2e3b22d2d1b94ac2824226a63c6b741c88f7ae975f18b6778374

exceptiongroup==1.3.1 \
    --hash=sha256:a7a39a3bd276781e98394987d3a5701d0c4edffb633bb7a5144577f82c773598

colorama==0.4.6; sys_platform == "win32" \
    --hash=sha256:4f1d9991f5acc0ca119f9d443620b77f9d6b33703e51011c16baf57afb285fc6
